
Microsoft Visual Studio Solution File, Format Version 12.00
# Visual Studio Version 16
VisualStudioVersion = 16.0.31313.79
MinimumVisualStudioVersion = 10.0.40219.1
Project("{9A19103F-16F7-4668-BE54-9A1E7A4F7556}") = "OdeToFood.Core", "OdeToFood.Core.csproj", "{2AA75AB8-809B-406B-8D81-F1AB9A32A6DC}"
EndProject
Global
	GlobalSection(SolutionConfigurationPlatforms) = preSolution
		Debug|Any CPU = Debug|Any CPU
		Release|Any CPU = Release|Any CPU
	EndGlobalSection
	GlobalSection(ProjectConfigurationPlatforms) = postSolution
		{2AA75AB8-809B-406B-8D81-F1AB9A32A6DC}.Debug|Any CPU.ActiveCfg = Debug|Any CPU
		{2AA75AB8-809B-406B-8D81-F1AB9A32A6DC}.Debug|Any CPU.Build.0 = Debug|Any CPU
		{2AA75AB8-809B-406B-8D81-F1AB9A32A6DC}.Release|Any CPU.ActiveCfg = Release|Any CPU
		{2AA75AB8-809B-406B-8D81-F1AB9A32A6DC}.Release|Any CPU.Build.0 = Release|Any CPU
	EndGlobalSection
	GlobalSection(SolutionProperties) = preSolution
		HideSolutionNode = FALSE
	EndGlobalSection
	GlobalSection(ExtensibilityGlobals) = postSolution
		SolutionGuid = {1248F1CD-D094-42E3-B425-F8B7CA387732}
	EndGlobalSection
EndGlobal
